
Microsoft Visual Studio Solution File, Format Version 12.00
# Visual Studio 15
VisualStudioVersion = 15.0.27004.2002
MinimumVisualStudioVersion = 10.0.40219.1
Project("{FAE04EC0-301F-11D3-BF4B-00C04F79EFBC}") = "RestServiceGolden", "RestServiceGolden\RestServiceGolden.csproj", "{49227F58-38A5-4B20-A91D-712CD0344CE7}"
EndProject
Global
	GlobalSection(SolutionConfigurationPlatforms) = preSolution
		Debug|Any CPU = Debug|Any CPU
		Release|Any CPU = Release|Any CPU
	EndGlobalSection
	GlobalSection(ProjectConfigurationPlatforms) = postSolution
		{49227F58-38A5-4B20-A91D-712CD0344CE7}.Debug|Any CPU.ActiveCfg = Debug|Any CPU
		{49227F58-38A5-4B20-A91D-712CD0344CE7}.Debug|Any CPU.Build.0 = Debug|Any CPU
		{49227F58-38A5-4B20-A91D-712CD0344CE7}.Release|Any CPU.ActiveCfg = Release|Any CPU
		{49227F58-38A5-4B20-A91D-712CD0344CE7}.Release|Any CPU.Build.0 = Release|Any CPU
	EndGlobalSection
	GlobalSection(SolutionProperties) = preSolution
		HideSolutionNode = FALSE
	EndGlobalSection
	GlobalSection(ExtensibilityGlobals) = postSolution
		SolutionGuid = {A8D10FB7-FC73-410F-8265-6B968B2C37B7}
	EndGlobalSection
EndGlobal
